
Microsoft Visual Studio Solution File, Format Version 12.00
# Visual Studio 2012
Project("{FAE04EC0-301F-11D3-BF4B-00C04F79EFBC}") = "QueueClient", "QueueClient\QueueClient.csproj", "{53BE3B8E-8F7F-4791-A9DD-CC77700D3C73}"
EndProject
Project("{FAE04EC0-301F-11D3-BF4B-00C04F79EFBC}") = "QueueReceive", "QueueReceive\QueueReceive.csproj", "{E6797D31-E65C-43BC-9559-648C5509E217}"
EndProject
Project("{FAE04EC0-301F-11D3-BF4B-00C04F79EFBC}") = "ClassLibrary", "ClassLibrary\ClassLibrary.csproj", "{E1B9493F-31CE-4E14-99B8-8C592E401F2D}"
EndProject
Global
	GlobalSection(SolutionConfigurationPlatforms) = preSolution
		Debug|Any CPU = Debug|Any CPU
		Release|Any CPU = Release|Any CPU
	EndGlobalSection
	GlobalSection(ProjectConfigurationPlatforms) = postSolution
		{53BE3B8E-8F7F-4791-A9DD-CC77700D3C73}.Debug|Any CPU.ActiveCfg = Debug|Any CPU
		{53BE3B8E-8F7F-4791-A9DD-CC77700D3C73}.Debug|Any CPU.Build.0 = Debug|Any CPU
		{53BE3B8E-8F7F-4791-A9DD-CC77700D3C73}.Release|Any CPU.ActiveCfg = Release|Any CPU
		{53BE3B8E-8F7F-4791-A9DD-CC77700D3C73}.Release|Any CPU.Build.0 = Release|Any CPU
		{E6797D31-E65C-43BC-9559-648C5509E217}.Debug|Any CPU.ActiveCfg = Debug|Any CPU
		{E6797D31-E65C-43BC-9559-648C5509E217}.Debug|Any CPU.Build.0 = Debug|Any CPU
		{E6797D31-E65C-43BC-9559-648C5509E217}.Release|Any CPU.ActiveCfg = Release|Any CPU
		{E6797D31-E65C-43BC-9559-648C5509E217}.Release|Any CPU.Build.0 = Release|Any CPU
		{E1B9493F-31CE-4E14-99B8-8C592E401F2D}.Debug|Any CPU.ActiveCfg = Debug|Any CPU
		{E1B9493F-31CE-4E14-99B8-8C592E401F2D}.Debug|Any CPU.Build.0 = Debug|Any CPU
		{E1B9493F-31CE-4E14-99B8-8C592E401F2D}.Release|Any CPU.ActiveCfg = Release|Any CPU
		{E1B9493F-31CE-4E14-99B8-8C592E401F2D}.Release|Any CPU.Build.0 = Release|Any CPU
	EndGlobalSection
	GlobalSection(SolutionProperties) = preSolution
		HideSolutionNode = FALSE
	EndGlobalSection
EndGlobal
